
Microsoft Visual Studio Solution File, Format Version 12.00
# Visual Studio Version 17
VisualStudioVersion = 17.5.002.0
MinimumVisualStudioVersion = 10.0.40219.1
Project("{9A19103F-16F7-4668-BE54-9A1E7A4F7556}") = "bank_proj", "bank_proj.csproj", "{4464EEF1-EB7C-4BCA-9D0F-6DE5ACB3158F}"
EndProject
Global
	GlobalSection(SolutionConfigurationPlatforms) = preSolution
		Debug|Any CPU = Debug|Any CPU
		Release|Any CPU = Release|Any CPU
	EndGlobalSection
	GlobalSection(ProjectConfigurationPlatforms) = postSolution
		{4464EEF1-EB7C-4BCA-9D0F-6DE5ACB3158F}.Debug|Any CPU.ActiveCfg = Debug|Any CPU
		{4464EEF1-EB7C-4BCA-9D0F-6DE5ACB3158F}.Debug|Any CPU.Build.0 = Debug|Any CPU
		{4464EEF1-EB7C-4BCA-9D0F-6DE5ACB3158F}.Release|Any CPU.ActiveCfg = Release|Any CPU
		{4464EEF1-EB7C-4BCA-9D0F-6DE5ACB3158F}.Release|Any CPU.Build.0 = Release|Any CPU
	EndGlobalSection
	GlobalSection(SolutionProperties) = preSolution
		HideSolutionNode = FALSE
	EndGlobalSection
	GlobalSection(ExtensibilityGlobals) = postSolution
		SolutionGuid = {4AEAAF51-9CC3-492C-9AFE-098FDE48EFF5}
	EndGlobalSection
EndGlobal
